PODS:
  - Alamofire (4.9.1)
  - Differentiator (4.0.1)
  - FunRecipeAPI (0.0.1):
    - Alamofire (~> 4.9.1)
    - RxSwift (~> 5.0.0)
  - R.swift (5.2.2):
    - R.swift.Library (~> 5.2.0)
  - R.swift.Library (5.2.0)
  - RxCocoa (5.1.1):
    - RxRelay (~> 5)
    - RxSwift (~> 5)
  - RxDataSources (4.0.1):
    - Differentiator (~> 4.0)
    - RxCocoa (~> 5.0)
    - RxSwift (~> 5.0)
  - RxOptional (4.1.0):
    - RxCocoa (~> 5)
    - RxSwift (~> 5)
  - RxRelay (5.1.1):
    - RxSwift (~> 5)
  - RxSwift (5.0.1)
  - SwiftyBeaver (1.9.1)

DEPENDENCIES:
  - Alamofire
  - FunRecipeAPI (from `https://github.com/ohayoukenchan/FunRecipeAPI.git`)
  - R.swift
  - RxCocoa
  - RxDataSources
  - RxOptional
  - RxSwift
  - SwiftyBeaver

SPEC REPOS:
  trunk:
    - Alamofire
    - Differentiator
    - R.swift
    - R.swift.Library
    - RxCocoa
    - RxDataSources
    - RxOptional
    - RxRelay
    - RxSwift
    - SwiftyBeaver

EXTERNAL SOURCES:
  FunRecipeAPI:
    :git: https://github.com/ohayoukenchan/FunRecipeAPI.git

CHECKOUT OPTIONS:
  FunRecipeAPI:
    :commit: d8e08f8469fc234acd2bdac80fcec24aeeda9a24
    :git: https://github.com/ohayoukenchan/FunRecipeAPI.git

SPEC CHECKSUMS:
  Alamofire: 85e8a02c69d6020a0d734f6054870d7ecb75cf18
  Differentiator: 886080237d9f87f322641dedbc5be257061b0602
  FunRecipeAPI: 52707670c11d1d97005c3500bc65087156304408
  R.swift: 7c52cdc57a66840ffe6cbd8a823d732059d42a32
  R.swift.Library: 5ba4f1631300caf9a4d890186930da85d540769d
  RxCocoa: 32065309a38d29b5b0db858819b5bf9ef038b601
  RxDataSources: efee07fa4de48477eca0a4611e6d11e2da9c1114
  RxOptional: b1fcd60856807a564c0215c2184b8d33e7826dc2
  RxRelay: d77f7d771495f43c556cbc43eebd1bb54d01e8e9
  RxSwift: e2dc62b366a3adf6a0be44ba9f405efd4c94e0c4
  SwiftyBeaver: a1f5691458561414bcfab51874b2b7445451602b

PODFILE CHECKSUM: 9eb903258fa373126a1c6805cc2ab8329caf72d2

COCOAPODS: 1.9.0
